// !$*UTF8*$!
{
	archiveVersion = 1;
	classes = {
	};
	objectVersion = 50;
	objects = {

/* Begin PBXBuildFile section */
		65327B14218AA82E00AC446B /* AppDelegate.swift in Sources */ = {isa = PBXBuildFile; fileRef = 65327B13218AA82E00AC446B /* AppDelegate.swift */; };
		65327B1B218AA82F00AC446B /* Assets.xcassets in Resources */ = {isa = PBXBuildFile; fileRef = 65327B1A218AA82F00AC446B /* Assets.xcassets */; };
		65327B1E218AA82F00AC446B /* LaunchScreen.storyboard in Resources */ = {isa = PBXBuildFile; fileRef = 65327B1C218AA82F00AC446B /* LaunchScreen.storyboard */; };
		65327B26218AA89300AC446B /* SpringBoardCollectionViewController.swift in Sources */ = {isa = PBXBuildFile; fileRef = 65327B25218AA89300AC446B /* SpringBoardCollectionViewController.swift */; };
		65327B28218AA9BD00AC446B /* SpringBoardPageViewController.swift in Sources */ = {isa = PBXBuildFile; fileRef = 65327B27218AA9BD00AC446B /* SpringBoardPageViewController.swift */; };
		65327B2A218AAF5900AC446B /* AppIconCollectionViewCell.swift in Sources */ = {isa = PBXBuildFile; fileRef = 65327B29218AAF5900AC446B /* AppIconCollectionViewCell.swift */; };
		654B309E218D9B0C009A3E7E /* AppViewController.swift in Sources */ = {isa = PBXBuildFile; fileRef = 654B309D218D9B0C009A3E7E /* AppViewController.swift */; };
/* End PBXBuildFile section */

/* Begin PBXFileReference section */
		65327B10218AA82E00AC446B /* FacebookAppHome.app */ = {isa = PBXFileReference; explicitFileType = wrapper.application; includeInIndex = 0; path = FacebookAppHome.app; sourceTree = BUILT_PRODUCTS_DIR; };
		65327B13218AA82E00AC446B /* AppDelegate.swift */ = {isa = PBXFileReference; lastKnownFileType = sourcecode.swift; path = AppDelegate.swift; sourceTree = "<group>"; };
		65327B1A218AA82F00AC446B /* Assets.xcassets */ = {isa = PBXFileReference; lastKnownFileType = folder.assetcatalog; path = Assets.xcassets; sourceTree = "<group>"; };
		65327B1D218AA82F00AC446B /* Base */ = {isa = PBXFileReference; lastKnownFileType = file.storyboard; name = Base; path = Base.lproj/LaunchScreen.storyboard; sourceTree = "<group>"; };
		65327B1F218AA82F00AC446B /* Info.plist */ = {isa = PBXFileReference; lastKnownFileType = text.plist.xml; path = Info.plist; sourceTree = "<group>"; };
		65327B25218AA89300AC446B /* SpringBoardCollectionViewController.swift */ = {isa = PBXFileReference; lastKnownFileType = sourcecode.swift; path = SpringBoardCollectionViewController.swift; sourceTree = "<group>"; };
		65327B27218AA9BD00AC446B /* SpringBoardPageViewController.swift */ = {isa = PBXFileReference; lastKnownFileType = sourcecode.swift; path = SpringBoardPageViewController.swift; sourceTree = "<group>"; };
		65327B29218AAF5900AC446B /* AppIconCollectionViewCell.swift */ = {isa = PBXFileReference; lastKnownFileType = sourcecode.swift; path = AppIconCollectionViewCell.swift; sourceTree = "<group>"; };
		654B309D218D9B0C009A3E7E /* AppViewController.swift */ = {isa = PBXFileReference; lastKnownFileType = sourcecode.swift; path = AppViewController.swift; sourceTree = "<group>"; };
/* End PBXFileReference section */

/* Begin PBXFrameworksBuildPhase section */
		65327B0D218AA82E00AC446B /* Frameworks */ = {
			isa = PBXFrameworksBuildPhase;
			buildActionMask = 2147483647;
			files = (
			);
			runOnlyForDeploymentPostprocessing = 0;
		};
/* End PBXFrameworksBuildPhase section */

/* Begin PBXGroup section */
		65327B07218AA82E00AC446B = {
			isa = PBXGroup;
			children = (
				65327B12218AA82E00AC446B /* FacebookAppHome */,
				65327B11218AA82E00AC446B /* Products */,
			);
			sourceTree = "<group>";
		};
		65327B11218AA82E00AC446B /* Products */ = {
			isa = PBXGroup;
			children = (
				65327B10218AA82E00AC446B /* FacebookAppHome.app */,
			);
			name = Products;
			sourceTree = "<group>";
		};
		65327B12218AA82E00AC446B /* FacebookAppHome */ = {
			isa = PBXGroup;
			children = (
				65327B13218AA82E00AC446B /* AppDelegate.swift */,
				654B309D218D9B0C009A3E7E /* AppViewController.swift */,
				65327B29218AAF5900AC446B /* AppIconCollectionViewCell.swift */,
				65327B25218AA89300AC446B /* SpringBoardCollectionViewController.swift */,
				65327B27218AA9BD00AC446B /* SpringBoardPageViewController.swift */,
				65327B1A218AA82F00AC446B /* Assets.xcassets */,
				65327B1C218AA82F00AC446B /* LaunchScreen.storyboard */,
				65327B1F218AA82F00AC446B /* Info.plist */,
			);
			path = FacebookAppHome;
			sourceTree = "<group>";
		};
/* End PBXGroup section */

/* Begin PBXNativeTarget section */
		65327B0F218AA82E00AC446B /* FacebookAppHome */ = {
			isa = PBXNativeTarget;
			buildConfigurationList = 65327B22218AA82F00AC446B /* Build configuration list for PBXNativeTarget "FacebookAppHome" */;
			buildPhases = (
				65327B0C218AA82E00AC446B /* Sources */,
				65327B0D218AA82E00AC446B /* Frameworks */,
				65327B0E218AA82E00AC446B /* Resources */,
			);
			buildRules = (
			);
			dependencies = (
			);
			name = FacebookAppHome;
			productName = FacebookAppHome;
			productReference = 65327B10218AA82E00AC446B /* FacebookAppHome.app */;
			productType = "com.apple.product-type.application";
		};
/* End PBXNativeTarget section */

/* Begin PBXProject section */
		65327B08218AA82E00AC446B /* Project object */ = {
			isa = PBXProject;
			attributes = {
				LastSwiftUpdateCheck = 1000;
				LastUpgradeCheck = 1000;
				ORGANIZATIONNAME = "Nick Swift";
				TargetAttributes = {
					65327B0F218AA82E00AC446B = {
						CreatedOnToolsVersion = 10.0;
					};
				};
			};
			buildConfigurationList = 65327B0B218AA82E00AC446B /* Build configuration list for PBXProject "FacebookAppHome" */;
			compatibilityVersion = "Xcode 9.3";
			developmentRegion = en;
			hasScannedForEncodings = 0;
			knownRegions = (
				en,
				Base,
			);
			mainGroup = 65327B07218AA82E00AC446B;
			productRefGroup = 65327B11218AA82E00AC446B /* Products */;
			projectDirPath = "";
			projectRoot = "";
			targets = (
				65327B0F218AA82E00AC446B /* FacebookAppHome */,
			);
		};
/* End PBXProject section */

/* Begin PBXResourcesBuildPhase section */
		65327B0E218AA82E00AC446B /* Resources */ = {
			isa = PBXResourcesBuildPhase;
			buildActionMask = 2147483647;
			files = (
				65327B1E218AA82F00AC446B /* LaunchScreen.storyboard in Resources */,
				65327B1B218AA82F00AC446B /* Assets.xcassets in Resources */,
			);
			runOnlyForDeploymentPostprocessing = 0;
		};
/* End PBXResourcesBuildPhase section */

/* Begin PBXSourcesBuildPhase section */
		65327B0C218AA82E00AC446B /* Sources */ = {
			isa = PBXSourcesBuildPhase;
			buildActionMask = 2147483647;
			files = (
				654B309E218D9B0C009A3E7E /* AppViewController.swift in Sources */,
				65327B28218AA9BD00AC446B /* SpringBoardPageViewController.swift in Sources */,
				65327B14218AA82E00AC446B /* AppDelegate.swift in Sources */,
				65327B2A218AAF5900AC446B /* AppIconCollectionViewCell.swift in Sources */,
				65327B26218AA89300AC446B /* SpringBoardCollectionViewController.swift in Sources */,
			);
			runOnlyForDeploymentPostprocessing = 0;
		};
/* End PBXSourcesBuildPhase section */

/* Begin PBXVariantGroup section */
		65327B1C218AA82F00AC446B /* LaunchScreen.storyboard */ = {
			isa = PBXVariantGroup;
			children = (
				65327B1D218AA82F00AC446B /* Base */,
			);
			name = LaunchScreen.storyboard;
			sourceTree = "<group>";
		};
/* End PBXVariantGroup section */

/* Begin XCBuildConfiguration section */
		65327B20218AA82F00AC446B /* Debug */ = {
			isa = XCBuildConfiguration;
			buildSettings = {
				ALWAYS_SEARCH_USER_PATHS = NO;
				CLANG_ANALYZER_NONNULL = YES;
				CLANG_ANALYZER_NUMBER_OBJECT_CONVERSION = YES_AGGRESSIVE;
				CLANG_CXX_LANGUAGE_STANDARD = "gnu++14";
				CLANG_CXX_LIBRARY = "libc++";
				CLANG_ENABLE_MODULES = YES;
				CLANG_ENABLE_OBJC_ARC = YES;
				CLANG_ENABLE_OBJC_WEAK = YES;
				CLANG_WARN_BLOCK_CAPTURE_AUTORELEASING = YES;
				CLANG_WARN_BOOL_CONVERSION = YES;
				CLANG_WARN_COMMA = YES;
				CLANG_WARN_CONSTANT_CONVERSION = YES;
				CLANG_WARN_DEPRECATED_OBJC_IMPLEMENTATIONS = YES;
				CLANG_WARN_DIRECT_OBJC_ISA_USAGE = YES_ERROR;
				CLANG_WARN_DOCUMENTATION_COMMENTS = YES;
				CLANG_WARN_EMPTY_BODY = YES;
				CLANG_WARN_ENUM_CONVERSION = YES;
				CLANG_WARN_INFINITE_RECURSION = YES;
				CLANG_WARN_INT_CONVERSION = YES;
				CLANG_WARN_NON_LITERAL_NULL_CONVERSION = YES;
				CLANG_WARN_OBJC_IMPLICIT_RETAIN_SELF = YES;
				CLANG_WARN_OBJC_LITERAL_CONVERSION = YES;
				CLANG_WARN_OBJC_ROOT_CLASS = YES_ERROR;
				CLANG_WARN_RANGE_LOOP_ANALYSIS = YES;
				CLANG_WARN_STRICT_PROTOTYPES = YES;
				CLANG_WARN_SUSPICIOUS_MOVE = YES;
				CLANG_WARN_UNGUARDED_AVAILABILITY = YES_AGGRESSIVE;
				CLANG_WARN_UNREACHABLE_CODE = YES;
				CLANG_WARN__DUPLICATE_METHOD_MATCH = YES;
				CODE_SIGN_IDENTITY = "iPhone Developer";
				COPY_PHASE_STRIP = NO;
				DEBUG_INFORMATION_FORMAT = dwarf;
				ENABLE_STRICT_OBJC_MSGSEND = YES;
				ENABLE_TESTABILITY = YES;
				GCC_C_LANGUAGE_STANDARD = gnu11;
				GCC_DYNAMIC_NO_PIC = NO;
				GCC_NO_COMMON_BLOCKS = YES;
				GCC_OPTIMIZATION_LEVEL = 0;
				GCC_PREPROCESSOR_DEFINITIONS = (
					"DEBUG=1",
					"$(inherited)",
				);
				GCC_WARN_64_TO_32_BIT_CONVERSION = YES;
				GCC_WARN_ABOUT_RETURN_TYPE = YES_ERROR;
				GCC_WARN_UNDECLARED_SELECTOR = YES;
				GCC_WARN_UNINITIALIZED_AUTOS = YES_AGGRESSIVE;
				GCC_WARN_UNUSED_FUNCTION = YES;
				GCC_WARN_UNUSED_VARIABLE = YES;
				IPHONEOS_DEPLOYMENT_TARGET = 12.0;
				MTL_ENABLE_DEBUG_INFO = INCLUDE_SOURCE;
				MTL_FAST_MATH = YES;
				ONLY_ACTIVE_ARCH = YES;
				SDKROOT = iphoneos;
				SWIFT_ACTIVE_COMPILATION_CONDITIONS = DEBUG;
				SWIFT_OPTIMIZATION_LEVEL = "-Onone";
			};
			name = Debug;
		};
		65327B21218AA82F00AC446B /* Release */ = {
			isa = XCBuildConfiguration;
			buildSettings = {
				ALWAYS_SEARCH_USER_PATHS = NO;
				CLANG_ANALYZER_NONNULL = YES;
				CLANG_ANALYZER_NUMBER_OBJECT_CONVERSION = YES_AGGRESSIVE;
				CLANG_CXX_LANGUAGE_STANDARD = "gnu++14";
				CLANG_CXX_LIBRARY = "libc++";
				CLANG_ENABLE_MODULES = YES;
				CLANG_ENABLE_OBJC_ARC = YES;
				CLANG_ENABLE_OBJC_WEAK = YES;
				CLANG_WARN_BLOCK_CAPTURE_AUTORELEASING = YES;
				CLANG_WARN_BOOL_CONVERSION = YES;
				CLANG_WARN_COMMA = YES;
				CLANG_WARN_CONSTANT_CONVERSION = YES;
				CLANG_WARN_DEPRECATED_OBJC_IMPLEMENTATIONS = YES;
				CLANG_WARN_DIRECT_OBJC_ISA_USAGE = YES_ERROR;
				CLANG_WARN_DOCUMENTATION_COMMENTS = YES;
				CLANG_WARN_EMPTY_BODY = YES;
				CLANG_WARN_ENUM_CONVERSION = YES;
				CLANG_WARN_INFINITE_RECURSION = YES;
				CLANG_WARN_INT_CONVERSION = YES;
				CLANG_WARN_NON_LITERAL_NULL_CONVERSION = YES;
				CLANG_WARN_OBJC_IMPLICIT_RETAIN_SELF = YES;
				CLANG_WARN_OBJC_LITERAL_CONVERSION = YES;
				CLANG_WARN_OBJC_ROOT_CLASS = YES_ERROR;
				CLANG_WARN_RANGE_LOOP_ANALYSIS = YES;
				CLANG_WARN_STRICT_PROTOTYPES = YES;
				CLANG_WARN_SUSPICIOUS_MOVE = YES;
				CLANG_WARN_UNGUARDED_AVAILABILITY = YES_AGGRESSIVE;
				CLANG_WARN_UNREACHABLE_CODE = YES;
				CLANG_WARN__DUPLICATE_METHOD_MATCH = YES;
				CODE_SIGN_IDENTITY = "iPhone Developer";
				COPY_PHASE_STRIP = NO;
				DEBUG_INFORMATION_FORMAT = "dwarf-with-dsym";
				ENABLE_NS_ASSERTIONS = NO;
				ENABLE_STRICT_OBJC_MSGSEND = YES;
				GCC_C_LANGUAGE_STANDARD = gnu11;
				GCC_NO_COMMON_BLOCKS = YES;
				GCC_WARN_64_TO_32_BIT_CONVERSION = YES;
				GCC_WARN_ABOUT_RETURN_TYPE = YES_ERROR;
				GCC_WARN_UNDECLARED_SELECTOR = YES;
				GCC_WARN_UNINITIALIZED_AUTOS = YES_AGGRESSIVE;
				GCC_WARN_UNUSED_FUNCTION = YES;
				GCC_WARN_UNUSED_VARIABLE = YES;
				IPHONEOS_DEPLOYMENT_TARGET = 12.0;
				MTL_ENABLE_DEBUG_INFO = NO;
				MTL_FAST_MATH = YES;
				SDKROOT = iphoneos;
				SWIFT_COMPILATION_MODE = wholemodule;
				SWIFT_OPTIMIZATION_LEVEL = "-O";
				VALIDATE_PRODUCT = YES;
			};
			name = Release;
		};
		65327B23218AA82F00AC446B /* Debug */ = {
			isa = XCBuildConfiguration;
			buildSettings = {
				ASSETCATALOG_COMPILER_APPICON_NAME = AppIcon;
				CODE_SIGN_STYLE = Automatic;
				DEVELOPMENT_TEAM = WTHBF7L2UE;
				INFOPLIST_FILE = FacebookAppHome/Info.plist;
				LD_RUNPATH_SEARCH_PATHS = (
					"$(inherited)",
					"@executable_path/Frameworks",
				);
				PRODUCT_BUNDLE_IDENTIFIER = "com.nicholas-swift.FacebookAppHome";
				PRODUCT_NAME = "$(TARGET_NAME)";
				SWIFT_VERSION = 4.2;
				TARGETED_DEVICE_FAMILY = "1,2";
			};
			name = Debug;
		};
		65327B24218AA82F00AC446B /* Release */ = {
			isa = XCBuildConfiguration;
			buildSettings = {
				ASSETCATALOG_COMPILER_APPICON_NAME = AppIcon;
				CODE_SIGN_STYLE = Automatic;
				DEVELOPMENT_TEAM = WTHBF7L2UE;
				INFOPLIST_FILE = FacebookAppHome/Info.plist;
				LD_RUNPATH_SEARCH_PATHS = (
					"$(inherited)",
					"@executable_path/Frameworks",
				);
				PRODUCT_BUNDLE_IDENTIFIER = "com.nicholas-swift.FacebookAppHome";
				PRODUCT_NAME = "$(TARGET_NAME)";
				SWIFT_VERSION = 4.2;
				TARGETED_DEVICE_FAMILY = "1,2";
			};
			name = Release;
		};
/* End XCBuildConfiguration section */

/* Begin XCConfigurationList section */
		65327B0B218AA82E00AC446B /* Build configuration list for PBXProject "FacebookAppHome" */ = {
			isa = XCConfigurationList;
			buildConfigurations = (
				65327B20218AA82F00AC446B /* Debug */,
				65327B21218AA82F00AC446B /* Release */,
			);
			defaultConfigurationIsVisible = 0;
			defaultConfigurationName = Release;
		};
		65327B22218AA82F00AC446B /* Build configuration list for PBXNativeTarget "FacebookAppHome" */ = {
			isa = XCConfigurationList;
			buildConfigurations = (
				65327B23218AA82F00AC446B /* Debug */,
				65327B24218AA82F00AC446B /* Release */,
			);
			defaultConfigurationIsVisible = 0;
			defaultConfigurationName = Release;
		};
/* End XCConfigurationList section */
	};
	rootObject = 65327B08218AA82E00AC446B /* Project object */;
}
